
Microsoft Visual Studio Solution File, Format Version 12.00
# Visual Studio 2012
Project("{FAE04EC0-301F-11D3-BF4B-00C04F79EFBC}") = "UsaepayHelper", "UsaepayHelper\UsaepayHelper.csproj", "{ED7A1BA9-AB61-423B-B018-81053F60EE3B}"
EndProject
Project("{FAE04EC0-301F-11D3-BF4B-00C04F79EFBC}") = "UsaepayHelperUnit", "UsaepayHelperUnit\UsaepayHelperUnit.csproj", "{0B41CE98-B171-433A-8E54-1ADBF30F34E7}"
EndProject
Global
	GlobalSection(SolutionConfigurationPlatforms) = preSolution
		Debug|Any CPU = Debug|Any CPU
		Release|Any CPU = Release|Any CPU
	EndGlobalSection
	GlobalSection(ProjectConfigurationPlatforms) = postSolution
		{ED7A1BA9-AB61-423B-B018-81053F60EE3B}.Debug|Any CPU.ActiveCfg = Debug|Any CPU
		{ED7A1BA9-AB61-423B-B018-81053F60EE3B}.Debug|Any CPU.Build.0 = Debug|Any CPU
		{ED7A1BA9-AB61-423B-B018-81053F60EE3B}.Release|Any CPU.ActiveCfg = Release|Any CPU
		{ED7A1BA9-AB61-423B-B018-81053F60EE3B}.Release|Any CPU.Build.0 = Release|Any CPU
		{0B41CE98-B171-433A-8E54-1ADBF30F34E7}.Debug|Any CPU.ActiveCfg = Debug|Any CPU
		{0B41CE98-B171-433A-8E54-1ADBF30F34E7}.Debug|Any CPU.Build.0 = Debug|Any CPU
		{0B41CE98-B171-433A-8E54-1ADBF30F34E7}.Release|Any CPU.ActiveCfg = Release|Any CPU
		{0B41CE98-B171-433A-8E54-1ADBF30F34E7}.Release|Any CPU.Build.0 = Release|Any CPU
	EndGlobalSection
EndGlobal
